
Microsoft Visual Studio Solution File, Format Version 12.00
# Visual Studio 15
VisualStudioVersion = 15.0.26430.16
MinimumVisualStudioVersion = 10.0.40219.1
Project("{FAE04EC0-301F-11D3-BF4B-00C04F79EFBC}") = "VariablesAndConstants", "VariablesAndConstants\VariablesAndConstants.csproj", "{9F9FDA4E-8401-4331-872D-509ADD15F8F4}"
EndProject
Project("{FAE04EC0-301F-11D3-BF4B-00C04F79EFBC}") = "TypeConversion", "TypeConversion\TypeConversion.csproj", "{F907CDAB-133A-4271-AB6B-6546D8F1A072}"
EndProject
Project("{FAE04EC0-301F-11D3-BF4B-00C04F79EFBC}") = "Operators", "Operators\Operators.csproj", "{9545FAC0-AF5C-4BA1-8A64-E8890A9C4FD3}"
EndProject
Project("{FAE04EC0-301F-11D3-BF4B-00C04F79EFBC}") = "Classes", "Classes\Classes.csproj", "{B5C1B8F4-62E8-43AA-B5A0-C16D267A3CDB}"
EndProject
Project("{FAE04EC0-301F-11D3-BF4B-00C04F79EFBC}") = "Arrays", "Arrays\Arrays.csproj", "{1F593074-EA90-4900-A4F1-A7207D63775F}"
EndProject
Project("{FAE04EC0-301F-11D3-BF4B-00C04F79EFBC}") = "Strings", "Strings\Strings.csproj", "{7FCE554D-1E50-428B-AA51-29C0C8B56EA3}"
EndProject
Project("{FAE04EC0-301F-11D3-BF4B-00C04F79EFBC}") = "Eums", "Eums\Eums.csproj", "{334B6528-DFB8-49F9-BDF9-69DDCC7CBB2C}"
EndProject
Project("{FAE04EC0-301F-11D3-BF4B-00C04F79EFBC}") = "ReferenceAndValueTypes", "ReverenceAndValueTypes\ReferenceAndValueTypes.csproj", "{6E2D24A0-D1DE-486C-BD6C-E8684857C7B1}"
EndProject
Project("{FAE04EC0-301F-11D3-BF4B-00C04F79EFBC}") = "IfElseAndSwitchCase", "IfElseAndSwitchCase\IfElseAndSwitchCase.csproj", "{E3982DC0-8BC5-47EA-B80A-42A5B682545B}"
EndProject
Project("{FAE04EC0-301F-11D3-BF4B-00C04F79EFBC}") = "ForLoops", "ForLoops\ForLoops.csproj", "{DE7B9263-F538-42C7-9569-65B0156571D7}"
EndProject
Project("{FAE04EC0-301F-11D3-BF4B-00C04F79EFBC}") = "ForeachLoops", "ForeachLoops\ForeachLoops.csproj", "{4C3C8086-E58B-4EF2-91F2-7656217D7C42}"
EndProject
Project("{FAE04EC0-301F-11D3-BF4B-00C04F79EFBC}") = "WhileLoops", "WhileLoops\WhileLoops.csproj", "{A1C871A9-839F-4C03-9323-9ED6620F4E7A}"
EndProject
Project("{FAE04EC0-301F-11D3-BF4B-00C04F79EFBC}") = "ControlFlowExercises", "ControlFlowExercises\ControlFlowExercises.csproj", "{52FACE82-CC7D-4B90-9F8B-0A311ED6D38F}"
EndProject
Project("{2150E333-8FDC-42A3-9474-1A3956D46DE8}") = "Non-Primitive Types", "Non-Primitive Types", "{32722222-B9EA-4E18-8D87-48E736C349CC}"
EndProject
Project("{2150E333-8FDC-42A3-9474-1A3956D46DE8}") = "Primitive Types and Expressions", "Primitive Types and Expressions", "{35CD7E0A-7FDA-40AA-8144-B4BE0358AC5F}"
EndProject
Project("{2150E333-8FDC-42A3-9474-1A3956D46DE8}") = "Control Flow", "Control Flow", "{82E836B7-9E04-4EED-AEE4-62621139A463}"
EndProject
Project("{9A19103F-16F7-4668-BE54-9A1E7A4F7556}") = "ArraysDemo", "ArraysDemo\ArraysDemo.csproj", "{3A3F3208-43AE-442A-BA32-8D7AF4060296}"
EndProject
Project("{9A19103F-16F7-4668-BE54-9A1E7A4F7556}") = "ListsDemo", "ListsDemo\ListsDemo.csproj", "{EC0653AF-247D-43AE-867B-F537D310465E}"
EndProject
Project("{2150E333-8FDC-42A3-9474-1A3956D46DE8}") = "Arrays and Lists", "Arrays and Lists", "{D07AEC31-3B7C-4EB9-AF89-AAF7B8550F89}"
EndProject
Project("{9A19103F-16F7-4668-BE54-9A1E7A4F7556}") = "ArraysAndListsExercises", "ArraysAndListsExercises\ArraysAndListsExercises.csproj", "{E220C08C-6E79-4A0C-B5C1-05F16A2F26F8}"
EndProject
Project("{FAE04EC0-301F-11D3-BF4B-00C04F79EFBC}") = "DateTime", "DateTime\DateTime.csproj", "{BEE29A57-7E8B-4D13-BF2B-70103189F54E}"
EndProject
Project("{FAE04EC0-301F-11D3-BF4B-00C04F79EFBC}") = "TimeSpan", "TimeSpan\TimeSpan.csproj", "{FE028737-CE4E-42DF-9C07-F703A01145C9}"
EndProject
Project("{2150E333-8FDC-42A3-9474-1A3956D46DE8}") = "Working with Dates", "Working with Dates", "{8E3844DB-D6E1-482B-9C62-013D329C4B1F}"
EndProject
Project("{FAE04EC0-301F-11D3-BF4B-00C04F79EFBC}") = "StringsDemo", "StringsDemo\StringsDemo.csproj", "{9C0065F3-0C23-4106-9028-CF1CA316BA94}"
EndProject
Project("{2150E333-8FDC-42A3-9474-1A3956D46DE8}") = "Working with Text", "Working with Text", "{C0020442-F24D-4CA4-9C20-CCB0CF05E654}"
EndProject
Project("{FAE04EC0-301F-11D3-BF4B-00C04F79EFBC}") = "SummarizingText", "SummarizingText\SummarizingText.csproj", "{181E3BE6-298C-40EF-A534-1CAB5D0883A0}"
EndProject
Project("{FAE04EC0-301F-11D3-BF4B-00C04F79EFBC}") = "StringBuilderDemo", "StringBuilderDemo\StringBuilderDemo.csproj", "{0B11A715-FD27-4A2B-968C-CCCE894152B9}"
EndProject
Project("{FAE04EC0-301F-11D3-BF4B-00C04F79EFBC}") = "ProceduralProgramming1", "ProceduralProgramming1\ProceduralProgramming1.csproj", "{9B7660D2-EF98-410D-BAAB-9FC6249BB52C}"
EndProject
Project("{FAE04EC0-301F-11D3-BF4B-00C04F79EFBC}") = "ProceduralProgramming2", "ProceduralProgramming2\ProceduralProgramming2.csproj", "{2F543ED6-BFBE-4012-95C2-8EAC24758EEF}"
EndProject
Project("{FAE04EC0-301F-11D3-BF4B-00C04F79EFBC}") = "WorkingWithTextExercises", "WorkingWithTextExercises\WorkingWithTextExercises.csproj", "{11DB9224-5667-4B5F-83E0-25882DBBF108}"
EndProject
Project("{FAE04EC0-301F-11D3-BF4B-00C04F79EFBC}") = "FileAndFileinfo", "FileAndFileinfo\FileAndFileinfo.csproj", "{4F0A09C4-95FE-4B26-8837-4A1F2A1F1850}"
EndProject
Project("{FAE04EC0-301F-11D3-BF4B-00C04F79EFBC}") = "DirectoryAndDirectoryInfo", "DirectoryAndDirectoryInfo\DirectoryAndDirectoryInfo.csproj", "{5E8335B4-6B0A-4584-A31D-79ACDE38AE34}"
EndProject
Project("{FAE04EC0-301F-11D3-BF4B-00C04F79EFBC}") = "PathDemo", "PathDemo\PathDemo.csproj", "{15D83EE9-7747-4AA2-A46B-84FF42F36650}"
EndProject
Project("{2150E333-8FDC-42A3-9474-1A3956D46DE8}") = "Working with Files", "Working with Files", "{161BA74D-3986-4760-A002-D6689AA56B0A}"
EndProject
Global
	GlobalSection(SolutionConfigurationPlatforms) = preSolution
		Debug|Any CPU = Debug|Any CPU
		Release|Any CPU = Release|Any CPU
	EndGlobalSection
	GlobalSection(ProjectConfigurationPlatforms) = postSolution
		{9F9FDA4E-8401-4331-872D-509ADD15F8F4}.Debug|Any CPU.ActiveCfg = Debug|Any CPU
		{9F9FDA4E-8401-4331-872D-509ADD15F8F4}.Debug|Any CPU.Build.0 = Debug|Any CPU
		{9F9FDA4E-8401-4331-872D-509ADD15F8F4}.Release|Any CPU.ActiveCfg = Release|Any CPU
		{9F9FDA4E-8401-4331-872D-509ADD15F8F4}.Release|Any CPU.Build.0 = Release|Any CPU
		{F907CDAB-133A-4271-AB6B-6546D8F1A072}.Debug|Any CPU.ActiveCfg = Debug|Any CPU
		{F907CDAB-133A-4271-AB6B-6546D8F1A072}.Debug|Any CPU.Build.0 = Debug|Any CPU
		{F907CDAB-133A-4271-AB6B-6546D8F1A072}.Release|Any CPU.ActiveCfg = Release|Any CPU
		{F907CDAB-133A-4271-AB6B-6546D8F1A072}.Release|Any CPU.Build.0 = Release|Any CPU
		{9545FAC0-AF5C-4BA1-8A64-E8890A9C4FD3}.Debug|Any CPU.ActiveCfg = Debug|Any CPU
		{9545FAC0-AF5C-4BA1-8A64-E8890A9C4FD3}.Debug|Any CPU.Build.0 = Debug|Any CPU
		{9545FAC0-AF5C-4BA1-8A64-E8890A9C4FD3}.Release|Any CPU.ActiveCfg = Release|Any CPU
		{9545FAC0-AF5C-4BA1-8A64-E8890A9C4FD3}.Release|Any CPU.Build.0 = Release|Any CPU
		{B5C1B8F4-62E8-43AA-B5A0-C16D267A3CDB}.Debug|Any CPU.ActiveCfg = Debug|Any CPU
		{B5C1B8F4-62E8-43AA-B5A0-C16D267A3CDB}.Debug|Any CPU.Build.0 = Debug|Any CPU
		{B5C1B8F4-62E8-43AA-B5A0-C16D267A3CDB}.Release|Any CPU.ActiveCfg = Release|Any CPU
		{B5C1B8F4-62E8-43AA-B5A0-C16D267A3CDB}.Release|Any CPU.Build.0 = Release|Any CPU
		{1F593074-EA90-4900-A4F1-A7207D63775F}.Debug|Any CPU.ActiveCfg = Debug|Any CPU
		{1F593074-EA90-4900-A4F1-A7207D63775F}.Debug|Any CPU.Build.0 = Debug|Any CPU
		{1F593074-EA90-4900-A4F1-A7207D63775F}.Release|Any CPU.ActiveCfg = Release|Any CPU
		{1F593074-EA90-4900-A4F1-A7207D63775F}.Release|Any CPU.Build.0 = Release|Any CPU
		{7FCE554D-1E50-428B-AA51-29C0C8B56EA3}.Debug|Any CPU.ActiveCfg = Debug|Any CPU
		{7FCE554D-1E50-428B-AA51-29C0C8B56EA3}.Debug|Any CPU.Build.0 = Debug|Any CPU
		{7FCE554D-1E50-428B-AA51-29C0C8B56EA3}.Release|Any CPU.ActiveCfg = Release|Any CPU
		{7FCE554D-1E50-428B-AA51-29C0C8B56EA3}.Release|Any CPU.Build.0 = Release|Any CPU
		{334B6528-DFB8-49F9-BDF9-69DDCC7CBB2C}.Debug|Any CPU.ActiveCfg = Debug|Any CPU
		{334B6528-DFB8-49F9-BDF9-69DDCC7CBB2C}.Debug|Any CPU.Build.0 = Debug|Any CPU
		{334B6528-DFB8-49F9-BDF9-69DDCC7CBB2C}.Release|Any CPU.ActiveCfg = Release|Any CPU
		{334B6528-DFB8-49F9-BDF9-69DDCC7CBB2C}.Release|Any CPU.Build.0 = Release|Any CPU
		{6E2D24A0-D1DE-486C-BD6C-E8684857C7B1}.Debug|Any CPU.ActiveCfg = Debug|Any CPU
		{6E2D24A0-D1DE-486C-BD6C-E8684857C7B1}.Debug|Any CPU.Build.0 = Debug|Any CPU
		{6E2D24A0-D1DE-486C-BD6C-E8684857C7B1}.Release|Any CPU.ActiveCfg = Release|Any CPU
		{6E2D24A0-D1DE-486C-BD6C-E8684857C7B1}.Release|Any CPU.Build.0 = Release|Any CPU
		{E3982DC0-8BC5-47EA-B80A-42A5B682545B}.Debug|Any CPU.ActiveCfg = Debug|Any CPU
		{E3982DC0-8BC5-47EA-B80A-42A5B682545B}.Debug|Any CPU.Build.0 = Debug|Any CPU
		{E3982DC0-8BC5-47EA-B80A-42A5B682545B}.Release|Any CPU.ActiveCfg = Release|Any CPU
		{E3982DC0-8BC5-47EA-B80A-42A5B682545B}.Release|Any CPU.Build.0 = Release|Any CPU
		{DE7B9263-F538-42C7-9569-65B0156571D7}.Debug|Any CPU.ActiveCfg = Debug|Any CPU
		{DE7B9263-F538-42C7-9569-65B0156571D7}.Debug|Any CPU.Build.0 = Debug|Any CPU
		{DE7B9263-F538-42C7-9569-65B0156571D7}.Release|Any CPU.ActiveCfg = Release|Any CPU
		{DE7B9263-F538-42C7-9569-65B0156571D7}.Release|Any CPU.Build.0 = Release|Any CPU
		{4C3C8086-E58B-4EF2-91F2-7656217D7C42}.Debug|Any CPU.ActiveCfg = Debug|Any CPU
		{4C3C8086-E58B-4EF2-91F2-7656217D7C42}.Debug|Any CPU.Build.0 = Debug|Any CPU
		{4C3C8086-E58B-4EF2-91F2-7656217D7C42}.Release|Any CPU.ActiveCfg = Release|Any CPU
		{4C3C8086-E58B-4EF2-91F2-7656217D7C42}.Release|Any CPU.Build.0 = Release|Any CPU
		{A1C871A9-839F-4C03-9323-9ED6620F4E7A}.Debug|Any CPU.ActiveCfg = Debug|Any CPU
		{A1C871A9-839F-4C03-9323-9ED6620F4E7A}.Debug|Any CPU.Build.0 = Debug|Any CPU
		{A1C871A9-839F-4C03-9323-9ED6620F4E7A}.Release|Any CPU.ActiveCfg = Release|Any CPU
		{A1C871A9-839F-4C03-9323-9ED6620F4E7A}.Release|Any CPU.Build.0 = Release|Any CPU
		{52FACE82-CC7D-4B90-9F8B-0A311ED6D38F}.Debug|Any CPU.ActiveCfg = Debug|Any CPU
		{52FACE82-CC7D-4B90-9F8B-0A311ED6D38F}.Debug|Any CPU.Build.0 = Debug|Any CPU
		{52FACE82-CC7D-4B90-9F8B-0A311ED6D38F}.Release|Any CPU.ActiveCfg = Release|Any CPU
		{52FACE82-CC7D-4B90-9F8B-0A311ED6D38F}.Release|Any CPU.Build.0 = Release|Any CPU
		{3A3F3208-43AE-442A-BA32-8D7AF4060296}.Debug|Any CPU.ActiveCfg = Debug|Any CPU
		{3A3F3208-43AE-442A-BA32-8D7AF4060296}.Debug|Any CPU.Build.0 = Debug|Any CPU
		{3A3F3208-43AE-442A-BA32-8D7AF4060296}.Release|Any CPU.ActiveCfg = Release|Any CPU
		{3A3F3208-43AE-442A-BA32-8D7AF4060296}.Release|Any CPU.Build.0 = Release|Any CPU
		{EC0653AF-247D-43AE-867B-F537D310465E}.Debug|Any CPU.ActiveCfg = Debug|Any CPU
		{EC0653AF-247D-43AE-867B-F537D310465E}.Debug|Any CPU.Build.0 = Debug|Any CPU
		{EC0653AF-247D-43AE-867B-F537D310465E}.Release|Any CPU.ActiveCfg = Release|Any CPU
		{EC0653AF-247D-43AE-867B-F537D310465E}.Release|Any CPU.Build.0 = Release|Any CPU
		{E220C08C-6E79-4A0C-B5C1-05F16A2F26F8}.Debug|Any CPU.ActiveCfg = Debug|Any CPU
		{E220C08C-6E79-4A0C-B5C1-05F16A2F26F8}.Debug|Any CPU.Build.0 = Debug|Any CPU
		{E220C08C-6E79-4A0C-B5C1-05F16A2F26F8}.Release|Any CPU.ActiveCfg = Release|Any CPU
		{E220C08C-6E79-4A0C-B5C1-05F16A2F26F8}.Release|Any CPU.Build.0 = Release|Any CPU
		{BEE29A57-7E8B-4D13-BF2B-70103189F54E}.Debug|Any CPU.ActiveCfg = Debug|Any CPU
		{BEE29A57-7E8B-4D13-BF2B-70103189F54E}.Debug|Any CPU.Build.0 = Debug|Any CPU
		{BEE29A57-7E8B-4D13-BF2B-70103189F54E}.Release|Any CPU.ActiveCfg = Release|Any CPU
		{BEE29A57-7E8B-4D13-BF2B-70103189F54E}.Release|Any CPU.Build.0 = Release|Any CPU
		{FE028737-CE4E-42DF-9C07-F703A01145C9}.Debug|Any CPU.ActiveCfg = Debug|Any CPU
		{FE028737-CE4E-42DF-9C07-F703A01145C9}.Debug|Any CPU.Build.0 = Debug|Any CPU
		{FE028737-CE4E-42DF-9C07-F703A01145C9}.Release|Any CPU.ActiveCfg = Release|Any CPU
		{FE028737-CE4E-42DF-9C07-F703A01145C9}.Release|Any CPU.Build.0 = Release|Any CPU
		{9C0065F3-0C23-4106-9028-CF1CA316BA94}.Debug|Any CPU.ActiveCfg = Debug|Any CPU
		{9C0065F3-0C23-4106-9028-CF1CA316BA94}.Debug|Any CPU.Build.0 = Debug|Any CPU
		{9C0065F3-0C23-4106-9028-CF1CA316BA94}.Release|Any CPU.ActiveCfg = Release|Any CPU
		{9C0065F3-0C23-4106-9028-CF1CA316BA94}.Release|Any CPU.Build.0 = Release|Any CPU
		{181E3BE6-298C-40EF-A534-1CAB5D0883A0}.Debug|Any CPU.ActiveCfg = Debug|Any CPU
		{181E3BE6-298C-40EF-A534-1CAB5D0883A0}.Debug|Any CPU.Build.0 = Debug|Any CPU
		{181E3BE6-298C-40EF-A534-1CAB5D0883A0}.Release|Any CPU.ActiveCfg = Release|Any CPU
		{181E3BE6-298C-40EF-A534-1CAB5D0883A0}.Release|Any CPU.Build.0 = Release|Any CPU
		{0B11A715-FD27-4A2B-968C-CCCE894152B9}.Debug|Any CPU.ActiveCfg = Debug|Any CPU
		{0B11A715-FD27-4A2B-968C-CCCE894152B9}.Debug|Any CPU.Build.0 = Debug|Any CPU
		{0B11A715-FD27-4A2B-968C-CCCE894152B9}.Release|Any CPU.ActiveCfg = Release|Any CPU
		{0B11A715-FD27-4A2B-968C-CCCE894152B9}.Release|Any CPU.Build.0 = Release|Any CPU
		{9B7660D2-EF98-410D-BAAB-9FC6249BB52C}.Debug|Any CPU.ActiveCfg = Debug|Any CPU
		{9B7660D2-EF98-410D-BAAB-9FC6249BB52C}.Debug|Any CPU.Build.0 = Debug|Any CPU
		{9B7660D2-EF98-410D-BAAB-9FC6249BB52C}.Release|Any CPU.ActiveCfg = Release|Any CPU
		{9B7660D2-EF98-410D-BAAB-9FC6249BB52C}.Release|Any CPU.Build.0 = Release|Any CPU
		{2F543ED6-BFBE-4012-95C2-8EAC24758EEF}.Debug|Any CPU.ActiveCfg = Debug|Any CPU
		{2F543ED6-BFBE-4012-95C2-8EAC24758EEF}.Debug|Any CPU.Build.0 = Debug|Any CPU
		{2F543ED6-BFBE-4012-95C2-8EAC24758EEF}.Release|Any CPU.ActiveCfg = Release|Any CPU
		{2F543ED6-BFBE-4012-95C2-8EAC24758EEF}.Release|Any CPU.Build.0 = Release|Any CPU
		{11DB9224-5667-4B5F-83E0-25882DBBF108}.Debug|Any CPU.ActiveCfg = Debug|Any CPU
		{11DB9224-5667-4B5F-83E0-25882DBBF108}.Debug|Any CPU.Build.0 = Debug|Any CPU
		{11DB9224-5667-4B5F-83E0-25882DBBF108}.Release|Any CPU.ActiveCfg = Release|Any CPU
		{11DB9224-5667-4B5F-83E0-25882DBBF108}.Release|Any CPU.Build.0 = Release|Any CPU
		{4F0A09C4-95FE-4B26-8837-4A1F2A1F1850}.Debug|Any CPU.ActiveCfg = Debug|Any CPU
		{4F0A09C4-95FE-4B26-8837-4A1F2A1F1850}.Debug|Any CPU.Build.0 = Debug|Any CPU
		{4F0A09C4-95FE-4B26-8837-4A1F2A1F1850}.Release|Any CPU.ActiveCfg = Release|Any CPU
		{4F0A09C4-95FE-4B26-8837-4A1F2A1F1850}.Release|Any CPU.Build.0 = Release|Any CPU
		{5E8335B4-6B0A-4584-A31D-79ACDE38AE34}.Debug|Any CPU.ActiveCfg = Debug|Any CPU
		{5E8335B4-6B0A-4584-A31D-79ACDE38AE34}.Debug|Any CPU.Build.0 = Debug|Any CPU
		{5E8335B4-6B0A-4584-A31D-79ACDE38AE34}.Release|Any CPU.ActiveCfg = Release|Any CPU
		{5E8335B4-6B0A-4584-A31D-79ACDE38AE34}.Release|Any CPU.Build.0 = Release|Any CPU
		{15D83EE9-7747-4AA2-A46B-84FF42F36650}.Debug|Any CPU.ActiveCfg = Debug|Any CPU
		{15D83EE9-7747-4AA2-A46B-84FF42F36650}.Debug|Any CPU.Build.0 = Debug|Any CPU
		{15D83EE9-7747-4AA2-A46B-84FF42F36650}.Release|Any CPU.ActiveCfg = Release|Any CPU
		{15D83EE9-7747-4AA2-A46B-84FF42F36650}.Release|Any CPU.Build.0 = Release|Any CPU
	EndGlobalSection
	GlobalSection(SolutionProperties) = preSolution
		HideSolutionNode = FALSE
	EndGlobalSection
	GlobalSection(NestedProjects) = preSolution
		{9F9FDA4E-8401-4331-872D-509ADD15F8F4} = {35CD7E0A-7FDA-40AA-8144-B4BE0358AC5F}
		{F907CDAB-133A-4271-AB6B-6546D8F1A072} = {35CD7E0A-7FDA-40AA-8144-B4BE0358AC5F}
		{9545FAC0-AF5C-4BA1-8A64-E8890A9C4FD3} = {35CD7E0A-7FDA-40AA-8144-B4BE0358AC5F}
		{B5C1B8F4-62E8-43AA-B5A0-C16D267A3CDB} = {32722222-B9EA-4E18-8D87-48E736C349CC}
		{1F593074-EA90-4900-A4F1-A7207D63775F} = {32722222-B9EA-4E18-8D87-48E736C349CC}
		{7FCE554D-1E50-428B-AA51-29C0C8B56EA3} = {32722222-B9EA-4E18-8D87-48E736C349CC}
		{334B6528-DFB8-49F9-BDF9-69DDCC7CBB2C} = {32722222-B9EA-4E18-8D87-48E736C349CC}
		{6E2D24A0-D1DE-486C-BD6C-E8684857C7B1} = {32722222-B9EA-4E18-8D87-48E736C349CC}
		{E3982DC0-8BC5-47EA-B80A-42A5B682545B} = {82E836B7-9E04-4EED-AEE4-62621139A463}
		{DE7B9263-F538-42C7-9569-65B0156571D7} = {82E836B7-9E04-4EED-AEE4-62621139A463}
		{4C3C8086-E58B-4EF2-91F2-7656217D7C42} = {82E836B7-9E04-4EED-AEE4-62621139A463}
		{A1C871A9-839F-4C03-9323-9ED6620F4E7A} = {82E836B7-9E04-4EED-AEE4-62621139A463}
		{52FACE82-CC7D-4B90-9F8B-0A311ED6D38F} = {82E836B7-9E04-4EED-AEE4-62621139A463}
		{3A3F3208-43AE-442A-BA32-8D7AF4060296} = {D07AEC31-3B7C-4EB9-AF89-AAF7B8550F89}
		{EC0653AF-247D-43AE-867B-F537D310465E} = {D07AEC31-3B7C-4EB9-AF89-AAF7B8550F89}
		{E220C08C-6E79-4A0C-B5C1-05F16A2F26F8} = {D07AEC31-3B7C-4EB9-AF89-AAF7B8550F89}
		{BEE29A57-7E8B-4D13-BF2B-70103189F54E} = {8E3844DB-D6E1-482B-9C62-013D329C4B1F}
		{FE028737-CE4E-42DF-9C07-F703A01145C9} = {8E3844DB-D6E1-482B-9C62-013D329C4B1F}
		{9C0065F3-0C23-4106-9028-CF1CA316BA94} = {C0020442-F24D-4CA4-9C20-CCB0CF05E654}
		{181E3BE6-298C-40EF-A534-1CAB5D0883A0} = {C0020442-F24D-4CA4-9C20-CCB0CF05E654}
		{0B11A715-FD27-4A2B-968C-CCCE894152B9} = {C0020442-F24D-4CA4-9C20-CCB0CF05E654}
		{9B7660D2-EF98-410D-BAAB-9FC6249BB52C} = {C0020442-F24D-4CA4-9C20-CCB0CF05E654}
		{2F543ED6-BFBE-4012-95C2-8EAC24758EEF} = {C0020442-F24D-4CA4-9C20-CCB0CF05E654}
		{11DB9224-5667-4B5F-83E0-25882DBBF108} = {C0020442-F24D-4CA4-9C20-CCB0CF05E654}
		{4F0A09C4-95FE-4B26-8837-4A1F2A1F1850} = {161BA74D-3986-4760-A002-D6689AA56B0A}
		{5E8335B4-6B0A-4584-A31D-79ACDE38AE34} = {161BA74D-3986-4760-A002-D6689AA56B0A}
		{15D83EE9-7747-4AA2-A46B-84FF42F36650} = {161BA74D-3986-4760-A002-D6689AA56B0A}
	EndGlobalSection
EndGlobal
